
Microsoft Visual Studio Solution File, Format Version 12.00
# Visual Studio 2013
VisualStudioVersion = 12.0.21005.1
MinimumVisualStudioVersion = 10.0.40219.1
Project("{FAE04EC0-301F-11D3-BF4B-00C04F79EFBC}") = "DDDTest.Domain", "DDDTest.Domain\DDDTest.Domain.csproj", "{58B77FD6-3F94-4680-BC49-D8707E85D8CA}"
EndProject
Project("{FAE04EC0-301F-11D3-BF4B-00C04F79EFBC}") = "DDDTest.Data", "DDDTest.Data\DDDTest.Data.csproj", "{B65A3F26-3C5B-4E17-87DE-7A6906B2A2D9}"
EndProject
Project("{FAE04EC0-301F-11D3-BF4B-00C04F79EFBC}") = "DDDTest.Service", "DDDTest.Service\DDDTest.Service.csproj", "{BEFFA020-5A84-4772-AAD5-3D7210773F27}"
EndProject
Project("{FAE04EC0-301F-11D3-BF4B-00C04F79EFBC}") = "DDDTest.Infrastructure", "DDDTest.Infrastructure\DDDTest.Infrastructure.csproj", "{CEB7D1FB-0FB2-4E3E-8147-0726088AC827}"
EndProject
Project("{FAE04EC0-301F-11D3-BF4B-00C04F79EFBC}") = "DDDTest.Domian.Core", "DDDTest.Core\DDDTest.Domian.Core.csproj", "{B7C47B09-9D3B-4B3B-A98A-4546B0F5F5BE}"
EndProject
Project("{FAE04EC0-301F-11D3-BF4B-00C04F79EFBC}") = "DDDTest.MyCart", "DDDTest.MyCart\DDDTest.MyCart.csproj", "{7E892472-7C1E-49AD-B4EB-A8698619EEEE}"
EndProject
Project("{FAE04EC0-301F-11D3-BF4B-00C04F79EFBC}") = "DDDTest.Data.Test", "DDDTest.Data.Test\DDDTest.Data.Test.csproj", "{BF58CB11-BE1A-4B95-A23B-BFFA7863913F}"
EndProject
Project("{FAE04EC0-301F-11D3-BF4B-00C04F79EFBC}") = "DDDTest.ServiceContract", "DDDTest.ServiceContract\DDDTest.ServiceContract.csproj", "{3AE7CA51-5FBD-449C-9A4B-BE7C13486D83}"
EndProject
Project("{2150E333-8FDC-42A3-9474-1A3956D46DE8}") = "2-Test", "2-Test", "{08CB13D6-DE4C-40B5-8A61-92B1FEB27A6D}"
EndProject
Project("{2150E333-8FDC-42A3-9474-1A3956D46DE8}") = "0-Core", "0-Core", "{B77B35C3-020C-4039-AA0C-59902C56B5C5}"
EndProject
Project("{2150E333-8FDC-42A3-9474-1A3956D46DE8}") = "1-Client", "1-Client", "{9A7AA488-B9D5-458D-978A-8E6F0B5F35DB}"
EndProject
Project("{FAE04EC0-301F-11D3-BF4B-00C04F79EFBC}") = "DDDTest.Service.Test", "DDDTest.Service.Test\DDDTest.Service.Test.csproj", "{C7E0F875-C087-4BFD-BCC7-BA2AD43A7546}"
EndProject
Global
	GlobalSection(SolutionConfigurationPlatforms) = preSolution
		Debug|Any CPU = Debug|Any CPU
		Release|Any CPU = Release|Any CPU
	EndGlobalSection
	GlobalSection(ProjectConfigurationPlatforms) = postSolution
		{58B77FD6-3F94-4680-BC49-D8707E85D8CA}.Debug|Any CPU.ActiveCfg = Debug|Any CPU
		{58B77FD6-3F94-4680-BC49-D8707E85D8CA}.Debug|Any CPU.Build.0 = Debug|Any CPU
		{58B77FD6-3F94-4680-BC49-D8707E85D8CA}.Release|Any CPU.ActiveCfg = Release|Any CPU
		{58B77FD6-3F94-4680-BC49-D8707E85D8CA}.Release|Any CPU.Build.0 = Release|Any CPU
		{B65A3F26-3C5B-4E17-87DE-7A6906B2A2D9}.Debug|Any CPU.ActiveCfg = Debug|Any CPU
		{B65A3F26-3C5B-4E17-87DE-7A6906B2A2D9}.Debug|Any CPU.Build.0 = Debug|Any CPU
		{B65A3F26-3C5B-4E17-87DE-7A6906B2A2D9}.Release|Any CPU.ActiveCfg = Release|Any CPU
		{B65A3F26-3C5B-4E17-87DE-7A6906B2A2D9}.Release|Any CPU.Build.0 = Release|Any CPU
		{BEFFA020-5A84-4772-AAD5-3D7210773F27}.Debug|Any CPU.ActiveCfg = Debug|Any CPU
		{BEFFA020-5A84-4772-AAD5-3D7210773F27}.Debug|Any CPU.Build.0 = Debug|Any CPU
		{BEFFA020-5A84-4772-AAD5-3D7210773F27}.Release|Any CPU.ActiveCfg = Release|Any CPU
		{BEFFA020-5A84-4772-AAD5-3D7210773F27}.Release|Any CPU.Build.0 = Release|Any CPU
		{CEB7D1FB-0FB2-4E3E-8147-0726088AC827}.Debug|Any CPU.ActiveCfg = Debug|Any CPU
		{CEB7D1FB-0FB2-4E3E-8147-0726088AC827}.Debug|Any CPU.Build.0 = Debug|Any CPU
		{CEB7D1FB-0FB2-4E3E-8147-0726088AC827}.Release|Any CPU.ActiveCfg = Release|Any CPU
		{CEB7D1FB-0FB2-4E3E-8147-0726088AC827}.Release|Any CPU.Build.0 = Release|Any CPU
		{B7C47B09-9D3B-4B3B-A98A-4546B0F5F5BE}.Debug|Any CPU.ActiveCfg = Debug|Any CPU
		{B7C47B09-9D3B-4B3B-A98A-4546B0F5F5BE}.Debug|Any CPU.Build.0 = Debug|Any CPU
		{B7C47B09-9D3B-4B3B-A98A-4546B0F5F5BE}.Release|Any CPU.ActiveCfg = Release|Any CPU
		{B7C47B09-9D3B-4B3B-A98A-4546B0F5F5BE}.Release|Any CPU.Build.0 = Release|Any CPU
		{7E892472-7C1E-49AD-B4EB-A8698619EEEE}.Debug|Any CPU.ActiveCfg = Debug|Any CPU
		{7E892472-7C1E-49AD-B4EB-A8698619EEEE}.Debug|Any CPU.Build.0 = Debug|Any CPU
		{7E892472-7C1E-49AD-B4EB-A8698619EEEE}.Release|Any CPU.ActiveCfg = Release|Any CPU
		{7E892472-7C1E-49AD-B4EB-A8698619EEEE}.Release|Any CPU.Build.0 = Release|Any CPU
		{BF58CB11-BE1A-4B95-A23B-BFFA7863913F}.Debug|Any CPU.ActiveCfg = Debug|Any CPU
		{BF58CB11-BE1A-4B95-A23B-BFFA7863913F}.Debug|Any CPU.Build.0 = Debug|Any CPU
		{BF58CB11-BE1A-4B95-A23B-BFFA7863913F}.Release|Any CPU.ActiveCfg = Release|Any CPU
		{BF58CB11-BE1A-4B95-A23B-BFFA7863913F}.Release|Any CPU.Build.0 = Release|Any CPU
		{3AE7CA51-5FBD-449C-9A4B-BE7C13486D83}.Debug|Any CPU.ActiveCfg = Debug|Any CPU
		{3AE7CA51-5FBD-449C-9A4B-BE7C13486D83}.Debug|Any CPU.Build.0 = Debug|Any CPU
		{3AE7CA51-5FBD-449C-9A4B-BE7C13486D83}.Release|Any CPU.ActiveCfg = Release|Any CPU
		{3AE7CA51-5FBD-449C-9A4B-BE7C13486D83}.Release|Any CPU.Build.0 = Release|Any CPU
		{C7E0F875-C087-4BFD-BCC7-BA2AD43A7546}.Debug|Any CPU.ActiveCfg = Debug|Any CPU
		{C7E0F875-C087-4BFD-BCC7-BA2AD43A7546}.Debug|Any CPU.Build.0 = Debug|Any CPU
		{C7E0F875-C087-4BFD-BCC7-BA2AD43A7546}.Release|Any CPU.ActiveCfg = Release|Any CPU
		{C7E0F875-C087-4BFD-BCC7-BA2AD43A7546}.Release|Any CPU.Build.0 = Release|Any CPU
	EndGlobalSection
	GlobalSection(SolutionProperties) = preSolution
		HideSolutionNode = FALSE
	EndGlobalSection
	GlobalSection(NestedProjects) = preSolution
		{B65A3F26-3C5B-4E17-87DE-7A6906B2A2D9} = {B77B35C3-020C-4039-AA0C-59902C56B5C5}
		{BEFFA020-5A84-4772-AAD5-3D7210773F27} = {B77B35C3-020C-4039-AA0C-59902C56B5C5}
		{CEB7D1FB-0FB2-4E3E-8147-0726088AC827} = {B77B35C3-020C-4039-AA0C-59902C56B5C5}
		{B7C47B09-9D3B-4B3B-A98A-4546B0F5F5BE} = {B77B35C3-020C-4039-AA0C-59902C56B5C5}
		{3AE7CA51-5FBD-449C-9A4B-BE7C13486D83} = {B77B35C3-020C-4039-AA0C-59902C56B5C5}
		{58B77FD6-3F94-4680-BC49-D8707E85D8CA} = {B77B35C3-020C-4039-AA0C-59902C56B5C5}
		{7E892472-7C1E-49AD-B4EB-A8698619EEEE} = {9A7AA488-B9D5-458D-978A-8E6F0B5F35DB}
		{BF58CB11-BE1A-4B95-A23B-BFFA7863913F} = {08CB13D6-DE4C-40B5-8A61-92B1FEB27A6D}
		{C7E0F875-C087-4BFD-BCC7-BA2AD43A7546} = {08CB13D6-DE4C-40B5-8A61-92B1FEB27A6D}
	EndGlobalSection
	GlobalSection(ExtensibilityGlobals) = postSolution
		VisualSVNWorkingCopyRoot = .
	EndGlobalSection
EndGlobal
